{
  "name": "canopen-editor",
  "version": "0.1.0",
  "lockfileVersion": 3,
  "requires": true,
  "packages": {
    "": {
      "name": "canopen-editor",
      "version": "0.1.0",
      "license": "MIT"
    },
    "../node-canopen": {
      "name": "canopen",
      "version": "6.2.1",
      "extraneous": true,
      "license": "MIT",
      "dependencies": {
        "fast-xml-parser": "^5.9.2",
        "ini": "^3.0.1",
        "node-crc": "^1.3.2"
      },
      "devDependencies": {
        "chai": "^4.3.10",
        "chai-as-promised": "^7.1.1",
        "docdash": "^2.0.2",
        "eslint": "^8.55.0",
        "eslint-plugin-import": "^2.29.1",
        "eslint-plugin-jsdoc": "^38.1.6",
        "eslint-plugin-mocha": "^9.0.0",
        "eslint-plugin-node": "^11.1.0",
        "eslint-plugin-promise": "^6.1.1",
        "jsdoc": "^4.0.2",
        "mocha": "^9.2.2",
        "socketcan": "^3.0.0"
      },
      "engines": {
        "node": ">=12"
      }
    },
    "../node-canopen-eds": {
      "name": "canopen-eds",
      "version": "0.1.0",
      "extraneous": true,
      "license": "MIT",
      "dependencies": {
        "ini": "^3.0.1"
      },
      "devDependencies": {
        "chai": "^4.3.10",
        "eslint": "^8.57.1",
        "eslint-plugin-mocha": "^9.0.0",
        "eslint-plugin-node": "^11.1.0",
        "mocha": "^10.3.0"
      }
    }
  }
}
